{
  "name": "Pyxelze",
  "lockfileVersion": 3,
  "requires": true,
  "packages": {
    "": {
      "dependencies": {
        "roxify": "^1.5.11"
      }
    },
    "node_modules/roxify": {
      "version": "1.5.11",
      "resolved": "https://registry.npmjs.org/roxify/-/roxify-1.5.11.tgz",
      "integrity": "sha512-wNIboozrm13Rcpis4rVYZLkN6JxpifNnoprJgAhm0It0LIyX7EYJQS7KGHOja1QAuhFEy0pC7meB9n846eJ4TQ==",
      "bin": {
        "rox": "dist/cli.js",
        "roxify": "dist/cli.js"
      },
      "engines": {
        "node": ">=18.0.0"
      }
    }
  }
}
